
Microsoft Visual Studio Solution File, Format Version 12.00
# Visual Studio Version 17
VisualStudioVersion = 17.2.32630.192
MinimumVisualStudioVersion = 10.0.40219.1
Project("{FAE04EC0-301F-11D3-BF4B-00C04F79EFBC}") = "epic-ratings-updater", "epic-ratings-updater.csproj", "{7E5B2163-7D2D-4917-957E-844E58F5B907}"
EndProject
Global
	GlobalSection(SolutionConfigurationPlatforms) = preSolution
		Debug|Any CPU = Debug|Any CPU
		Release|Any CPU = Release|Any CPU
	EndGlobalSection
	GlobalSection(ProjectConfigurationPlatforms) = postSolution
		{7E5B2163-7D2D-4917-957E-844E58F5B907}.Debug|Any CPU.ActiveCfg = Debug|Any CPU
		{7E5B2163-7D2D-4917-957E-844E58F5B907}.Debug|Any CPU.Build.0 = Debug|Any CPU
		{7E5B2163-7D2D-4917-957E-844E58F5B907}.Release|Any CPU.ActiveCfg = Release|Any CPU
		{7E5B2163-7D2D-4917-957E-844E58F5B907}.Release|Any CPU.Build.0 = Release|Any CPU
	EndGlobalSection
	GlobalSection(SolutionProperties) = preSolution
		HideSolutionNode = FALSE
	EndGlobalSection
	GlobalSection(ExtensibilityGlobals) = postSolution
		SolutionGuid = {64992A68-42F5-433C-84D2-F43DDA81D4DD}
	EndGlobalSection
EndGlobal
